// !$*UTF8*$!
{
	archiveVersion = 1;
	classes = {
	};
	objectVersion = 51;
	objects = {

/* Begin PBXBuildFile section */
		00D69EAD7A41D53DD0B4C030 /* GoogleService-Info.plist in Resources */ = {isa = PBXBuildFile; fileRef = 2B7E1B9383BCDCA55CB593E6 /* GoogleService-Info.plist */; };
		0632B2AADE051C11DF7D01DF /* UIImage.swift in Sources */ = {isa = PBXBuildFile; fileRef = DC47B1CB80A0F6EE013A9777 /* UIImage.swift */; };
		0CCDBA6F658EE3D8B75E7EE3 /* AppCoordinator.swift in Sources */ = {isa = PBXBuildFile; fileRef = F17469B92C179938A379D355 /* AppCoordinator.swift */; };
		0EEA5F04B923743F9C1683A2 /* Pods_TreinamentoBreweryBeesTests.framework in Frameworks */ = {isa = PBXBuildFile; fileRef = 17B1794E5A02A4709ADF9846 /* Pods_TreinamentoBreweryBeesTests.framework */; };
		13D2FB4AA4B9707F545A82AB /* TreinamentoBreweryBeesLocalizable.swift in Sources */ = {isa = PBXBuildFile; fileRef = 582DADEDDA2102DC7F49E1D8 /* TreinamentoBreweryBeesLocalizable.swift */; };
		2987D202834B33E1687E77AC /* UIColor.swift in Sources */ = {isa = PBXBuildFile; fileRef = CF8710022B0D90663E6EB27C /* UIColor.swift */; };
		324505E2AEF7EABB497921AE /* AppDelegate.swift in Sources */ = {isa = PBXBuildFile; fileRef = 349C55E2A91DB04D7F587F08 /* AppDelegate.swift */; };
		3EB47116B7C2800863B8C517 /* Typealias.swift in Sources */ = {isa = PBXBuildFile; fileRef = 6394ADAECAE60C79CC6F8CDB /* Typealias.swift */; };
		48192FDC590BD8D0E496A0A8 /* HomeError.swift in Sources */ = {isa = PBXBuildFile; fileRef = 5983946D8EE2CA28EAFD1753 /* HomeError.swift */; };
		5795B8486C092D8D843B01E7 /* SceneDelegate.swift in Sources */ = {isa = PBXBuildFile; fileRef = D747F8D745D4C19109B91823 /* SceneDelegate.swift */; };
		58C16241A7C75E3CB424CD61 /* Localizable.strings in Resources */ = {isa = PBXBuildFile; fileRef = 692949FD115D148623145CEE /* Localizable.strings */; };
		76CAA0CAAD7A50E3EE172313 /* HomeResultView.swift in Sources */ = {isa = PBXBuildFile; fileRef = E8AC5A96D387879438202424 /* HomeResultView.swift */; };
		864023E2650B29D9E30B9564 /* Dynamic.swift in Sources */ = {isa = PBXBuildFile; fileRef = 098034F25D041F13E513B6A6 /* Dynamic.swift */; };
		87723A37F0F4D5ACDB873A45 /* HomeViewController.swift in Sources */ = {isa = PBXBuildFile; fileRef = D8465150354CE1D50B2A3B06 /* HomeViewController.swift */; };
		8DC32CAFE73404C86BE1BD04 /* HomeSearchView.swift in Sources */ = {isa = PBXBuildFile; fileRef = FAF5951BF5D364EC0E444FF3 /* HomeSearchView.swift */; };
		9607DEA6A0200484D6A02C3B /* HomeCoordinatorDelegate.swift in Sources */ = {isa = PBXBuildFile; fileRef = 49CF2A7D594B907C423962B1 /* HomeCoordinatorDelegate.swift */; };
		AB9DACFB95A9246602D25FAA /* LaunchScreen.storyboard in Resources */ = {isa = PBXBuildFile; fileRef = C332279D21A0045CF1E5E18A /* LaunchScreen.storyboard */; };
		AEE84F2F2B65E71CE4C3888D /* SnapshotTesting in Frameworks */ = {isa = PBXBuildFile; productRef = 5EE2D33FA46A808B35D049B0 /* SnapshotTesting */; };
		C519698E63B522AF71294CDA /* HomePopupDetailsView.swift in Sources */ = {isa = PBXBuildFile; fileRef = 35D752A6161C40F1CCC03643 /* HomePopupDetailsView.swift */; };
		C6BDFF40C6B3083806122AED /* Pods_TreinamentoBreweryBees.framework in Frameworks */ = {isa = PBXBuildFile; fileRef = 6F299F198683850284AAD63D /* Pods_TreinamentoBreweryBees.framework */; };
		C9197D261FF6D8CC53EB7E42 /* HomeViewModel.swift in Sources */ = {isa = PBXBuildFile; fileRef = 118985213C545ADC14CEA55D /* HomeViewModel.swift */; };
		CF55003CC67DDF125A0E376D /* GenericErrorView.swift in Sources */ = {isa = PBXBuildFile; fileRef = 875A233D306347C3E3EB0E51 /* GenericErrorView.swift */; };
		D07805A8A504AB118D52E646 /* String.swift in Sources */ = {isa = PBXBuildFile; fileRef = D41FBB27A64869F51F92B381 /* String.swift */; };
		D084C9053853EEBCB1536ACC /* HomePopupRatingView.swift in Sources */ = {isa = PBXBuildFile; fileRef = 19E792FA0D45BB23E4183E05 /* HomePopupRatingView.swift */; };
		D14BD79D4EFEBB4D799206B0 /* HomeCoordinator.swift in Sources */ = {isa = PBXBuildFile; fileRef = 1DC0B81E42C8713E3ADBEF13 /* HomeCoordinator.swift */; };
		DA5FA8AD3D613EDF6A78C54B /* TreinamentoBreweryBeesTests.swift in Sources */ = {isa = PBXBuildFile; fileRef = 276356D7D540803A9E417BD8 /* TreinamentoBreweryBeesTests.swift */; };
		DB1CCD04E16623E7DC1FC7EF /* HomeDataPath.swift in Sources */ = {isa = PBXBuildFile; fileRef = 85285367BB9F223AC6053745 /* HomeDataPath.swift */; };
		E3764C95EC02ACBED04D5A6D /* Assets.xcassets in Resources */ = {isa = PBXBuildFile; fileRef = ED35BEB66C662252EA239DD6 /* Assets.xcassets */; };
		E83B7A5E308FC3A9E870140E /* ArchitectureConfig.swift in Sources */ = {isa = PBXBuildFile; fileRef = A87C4FAB275319F44AD576F2 /* ArchitectureConfig.swift */; };
		EE61B6E8978C539E832C4372 /* CGFloat.swift in Sources */ = {isa = PBXBuildFile; fileRef = D7D6836B5D14944679C9037A /* CGFloat.swift */; };
		F16CC9476E22C00D4AF749F4 /* HomeModel.swift in Sources */ = {isa = PBXBuildFile; fileRef = 773C269137E8578D87D2C742 /* HomeModel.swift */; };
		F763FF0709C6F4EC96A6C424 /* BaseCoordinatorDelegate.swift in Sources */ = {isa = PBXBuildFile; fileRef = 9693F67D966DC881D70CD047 /* BaseCoordinatorDelegate.swift */; };
/* End PBXBuildFile section */

/* Begin PBXContainerItemProxy section */
		DE9DCD39D585EEBF6FF54A40 /* PBXContainerItemProxy */ = {
			isa = PBXContainerItemProxy;
			containerPortal = 0DC1487776F2318AEE879F3B /* Project object */;
			proxyType = 1;
			remoteGlobalIDString = CD9340CAADD230E58E7A7C22;
			remoteInfo = TreinamentoBreweryBees;
		};
/* End PBXContainerItemProxy section */

/* Begin PBXFileReference section */
		069AEE3811A2852048D9ED8B /* Pods-TreinamentoBreweryBeesTests.release.xcconfig */ = {isa = PBXFileReference; includeInIndex = 1; lastKnownFileType = text.xcconfig; name = "Pods-TreinamentoBreweryBeesTests.release.xcconfig"; path = "Target Support Files/Pods-TreinamentoBreweryBeesTests/Pods-TreinamentoBreweryBeesTests.release.xcconfig"; sourceTree = "<group>"; };
		083FBE5A38BE0AFE622A196D /* en */ = {isa = PBXFileReference; lastKnownFileType = text.plist.strings; name = en; path = en.lproj/Localizable.strings; sourceTree = "<group>"; };
		098034F25D041F13E513B6A6 /* Dynamic.swift */ = {isa = PBXFileReference; lastKnownFileType = sourcecode.swift; path = Dynamic.swift; sourceTree = "<group>"; };
		111E7A4935DD85A2416E1900 /* Base */ = {isa = PBXFileReference; lastKnownFileType = file.storyboard; name = Base; path = Base.lproj/LaunchScreen.storyboard; sourceTree = "<group>"; };
		118985213C545ADC14CEA55D /* HomeViewModel.swift */ = {isa = PBXFileReference; lastKnownFileType = sourcecode.swift; path = HomeViewModel.swift; sourceTree = "<group>"; };
		17B1794E5A02A4709ADF9846 /* Pods_TreinamentoBreweryBeesTests.framework */ = {isa = PBXFileReference; explicitFileType = wrapper.framework; includeInIndex = 0; path = Pods_TreinamentoBreweryBeesTests.framework; sourceTree = BUILT_PRODUCTS_DIR; };
		19E792FA0D45BB23E4183E05 /* HomePopupRatingView.swift */ = {isa = PBXFileReference; lastKnownFileType = sourcecode.swift; path = HomePopupRatingView.swift; sourceTree = "<group>"; };
		1DC0B81E42C8713E3ADBEF13 /* HomeCoordinator.swift */ = {isa = PBXFileReference; lastKnownFileType = sourcecode.swift; path = HomeCoordinator.swift; sourceTree = "<group>"; };
		276356D7D540803A9E417BD8 /* TreinamentoBreweryBeesTests.swift */ = {isa = PBXFileReference; lastKnownFileType = sourcecode.swift; path = TreinamentoBreweryBeesTests.swift; sourceTree = "<group>"; };
		2B7E1B9383BCDCA55CB593E6 /* GoogleService-Info.plist */ = {isa = PBXFileReference; lastKnownFileType = text.plist; path = "GoogleService-Info.plist"; sourceTree = "<group>"; };
		325B44C4B6893147B13BE4F7 /* en */ = {isa = PBXFileReference; lastKnownFileType = text.plist.strings; name = en; path = en.lproj/LaunchScreen.strings; sourceTree = "<group>"; };
		349C55E2A91DB04D7F587F08 /* AppDelegate.swift */ = {isa = PBXFileReference; lastKnownFileType = sourcecode.swift; path = AppDelegate.swift; sourceTree = "<group>"; };
		35D752A6161C40F1CCC03643 /* HomePopupDetailsView.swift */ = {isa = PBXFileReference; lastKnownFileType = sourcecode.swift; path = HomePopupDetailsView.swift; sourceTree = "<group>"; };
		3751C92515883B3F2831183B /* Pods-TreinamentoBreweryBees.release.xcconfig */ = {isa = PBXFileReference; includeInIndex = 1; lastKnownFileType = text.xcconfig; name = "Pods-TreinamentoBreweryBees.release.xcconfig"; path = "Target Support Files/Pods-TreinamentoBreweryBees/Pods-TreinamentoBreweryBees.release.xcconfig"; sourceTree = "<group>"; };
		49CF2A7D594B907C423962B1 /* HomeCoordinatorDelegate.swift */ = {isa = PBXFileReference; lastKnownFileType = sourcecode.swift; path = HomeCoordinatorDelegate.swift; sourceTree = "<group>"; };
		5728A49BDE93DA87940ADEE4 /* TreinamentoBreweryBees.app */ = {isa = PBXFileReference; includeInIndex = 0; lastKnownFileType = wrapper.application; path = TreinamentoBreweryBees.app; sourceTree = BUILT_PRODUCTS_DIR; };
		582DADEDDA2102DC7F49E1D8 /* TreinamentoBreweryBeesLocalizable.swift */ = {isa = PBXFileReference; lastKnownFileType = sourcecode.swift; path = TreinamentoBreweryBeesLocalizable.swift; sourceTree = "<group>"; };
		5983946D8EE2CA28EAFD1753 /* HomeError.swift */ = {isa = PBXFileReference; lastKnownFileType = sourcecode.swift; path = HomeError.swift; sourceTree = "<group>"; };
		6394ADAECAE60C79CC6F8CDB /* Typealias.swift */ = {isa = PBXFileReference; lastKnownFileType = sourcecode.swift; path = Typealias.swift; sourceTree = "<group>"; };
		6F299F198683850284AAD63D /* Pods_TreinamentoBreweryBees.framework */ = {isa = PBXFileReference; explicitFileType = wrapper.framework; includeInIndex = 0; path = Pods_TreinamentoBreweryBees.framework; sourceTree = BUILT_PRODUCTS_DIR; };
		773C269137E8578D87D2C742 /* HomeModel.swift */ = {isa = PBXFileReference; lastKnownFileType = sourcecode.swift; path = HomeModel.swift; sourceTree = "<group>"; };
		85285367BB9F223AC6053745 /* HomeDataPath.swift */ = {isa = PBXFileReference; lastKnownFileType = sourcecode.swift; path = HomeDataPath.swift; sourceTree = "<group>"; };
		875A233D306347C3E3EB0E51 /* GenericErrorView.swift */ = {isa = PBXFileReference; lastKnownFileType = sourcecode.swift; path = GenericErrorView.swift; sourceTree = "<group>"; };
		9693F67D966DC881D70CD047 /* BaseCoordinatorDelegate.swift */ = {isa = PBXFileReference; lastKnownFileType = sourcecode.swift; path = BaseCoordinatorDelegate.swift; sourceTree = "<group>"; };
		9817EA39A7D83AC2E1E26085 /* fr-CA */ = {isa = PBXFileReference; lastKnownFileType = text.plist.strings; name = "fr-CA"; path = "fr-CA.lproj/Localizable.strings"; sourceTree = "<group>"; };
		9C4FE9D877D2237C7EFC7CB6 /* pt-BR */ = {isa = PBXFileReference; lastKnownFileType = text.plist.strings; name = "pt-BR"; path = "pt-BR.lproj/LaunchScreen.strings"; sourceTree = "<group>"; };
		A87C4FAB275319F44AD576F2 /* ArchitectureConfig.swift */ = {isa = PBXFileReference; lastKnownFileType = sourcecode.swift; path = ArchitectureConfig.swift; sourceTree = "<group>"; };
		B752505D10E4157066D30E8C /* Pods-TreinamentoBreweryBees.debug.xcconfig */ = {isa = PBXFileReference; includeInIndex = 1; lastKnownFileType = text.xcconfig; name = "Pods-TreinamentoBreweryBees.debug.xcconfig"; path = "Target Support Files/Pods-TreinamentoBreweryBees/Pods-TreinamentoBreweryBees.debug.xcconfig"; sourceTree = "<group>"; };
		BAFFAE3110A1EFEC4DA8CDC5 /* Info.plist */ = {isa = PBXFileReference; lastKnownFileType = text.plist; path = Info.plist; sourceTree = "<group>"; };
		BF7A639F12B0719B9FA25E37 /* Info.plist */ = {isa = PBXFileReference; lastKnownFileType = text.plist; path = Info.plist; sourceTree = "<group>"; };
		BFA236A686FA82A07374AFD9 /* pt-BR */ = {isa = PBXFileReference; lastKnownFileType = text.plist.strings; name = "pt-BR"; path = "pt-BR.lproj/Localizable.strings"; sourceTree = "<group>"; };
		CF8710022B0D90663E6EB27C /* UIColor.swift */ = {isa = PBXFileReference; lastKnownFileType = sourcecode.swift; path = UIColor.swift; sourceTree = "<group>"; };
		D1607D270A25423CFFB1D66B /* Pods-TreinamentoBreweryBeesTests.debug.xcconfig */ = {isa = PBXFileReference; includeInIndex = 1; lastKnownFileType = text.xcconfig; name = "Pods-TreinamentoBreweryBeesTests.debug.xcconfig"; path = "Target Support Files/Pods-TreinamentoBreweryBeesTests/Pods-TreinamentoBreweryBeesTests.debug.xcconfig"; sourceTree = "<group>"; };
		D41FBB27A64869F51F92B381 /* String.swift */ = {isa = PBXFileReference; lastKnownFileType = sourcecode.swift; path = String.swift; sourceTree = "<group>"; };
		D747F8D745D4C19109B91823 /* SceneDelegate.swift */ = {isa = PBXFileReference; lastKnownFileType = sourcecode.swift; path = SceneDelegate.swift; sourceTree = "<group>"; };
		D7D6836B5D14944679C9037A /* CGFloat.swift */ = {isa = PBXFileReference; lastKnownFileType = sourcecode.swift; path = CGFloat.swift; sourceTree = "<group>"; };
		D8465150354CE1D50B2A3B06 /* HomeViewController.swift */ = {isa = PBXFileReference; lastKnownFileType = sourcecode.swift; path = HomeViewController.swift; sourceTree = "<group>"; };
		DC47B1CB80A0F6EE013A9777 /* UIImage.swift */ = {isa = PBXFileReference; lastKnownFileType = sourcecode.swift; path = UIImage.swift; sourceTree = "<group>"; };
		E8AC5A96D387879438202424 /* HomeResultView.swift */ = {isa = PBXFileReference; lastKnownFileType = sourcecode.swift; path = HomeResultView.swift; sourceTree = "<group>"; };
		ED35BEB66C662252EA239DD6 /* Assets.xcassets */ = {isa = PBXFileReference; lastKnownFileType = folder.assetcatalog; path = Assets.xcassets; sourceTree = "<group>"; };
		F17469B92C179938A379D355 /* AppCoordinator.swift */ = {isa = PBXFileReference; lastKnownFileType = sourcecode.swift; path = AppCoordinator.swift; sourceTree = "<group>"; };
		F738D0729FE0462F31447EE9 /* TreinamentoBreweryBeesTests.xctest */ = {isa = PBXFileReference; includeInIndex = 0; lastKnownFileType = wrapper.cfbundle; path = TreinamentoBreweryBeesTests.xctest; sourceTree = BUILT_PRODUCTS_DIR; };
		F8B73AECDF45368BDB50C8AC /* fr-CA */ = {isa = PBXFileReference; lastKnownFileType = text.plist.strings; name = "fr-CA"; path = "fr-CA.lproj/LaunchScreen.strings"; sourceTree = "<group>"; };
		FAF5951BF5D364EC0E444FF3 /* HomeSearchView.swift */ = {isa = PBXFileReference; lastKnownFileType = sourcecode.swift; path = HomeSearchView.swift; sourceTree = "<group>"; };
/* End PBXFileReference section */

/* Begin PBXFrameworksBuildPhase section */
		411E468C4F57DA181CB9ABFA /* Frameworks */ = {
			isa = PBXFrameworksBuildPhase;
			buildActionMask = 2147483647;
			files = (
				AEE84F2F2B65E71CE4C3888D /* SnapshotTesting in Frameworks */,
				0EEA5F04B923743F9C1683A2 /* Pods_TreinamentoBreweryBeesTests.framework in Frameworks */,
			);
			runOnlyForDeploymentPostprocessing = 0;
		};
		E9C607218B1C294149CD4DE0 /* Frameworks */ = {
			isa = PBXFrameworksBuildPhase;
			buildActionMask = 2147483647;
			files = (
				C6BDFF40C6B3083806122AED /* Pods_TreinamentoBreweryBees.framework in Frameworks */,
			);
			runOnlyForDeploymentPostprocessing = 0;
		};
/* End PBXFrameworksBuildPhase section */

/* Begin PBXGroup section */
		026D83F482C0F085890BB2B4 = {
			isa = PBXGroup;
			children = (
				627F9030BE2164C28025D53C /* TreinamentoBreweryBees */,
				F5CF615BA01A6907B274C003 /* TreinamentoBreweryBeesTests */,
				E7E7B00E22A97A05B4B7551A /* Products */,
				952F4EF60756E90078461253 /* Pods */,
				99A478E5C5C1373AEC1D785C /* Frameworks */,
			);
			sourceTree = "<group>";
		};
		115DADF113FDA1FAC0A2516E /* Infraestructure */ = {
			isa = PBXGroup;
			children = (
				20CE116C1CB2084FD44C8547 /* Base */,
				AE09D0A2373D364B6048DCA9 /* Coordinator */,
				82D10984B8B034CA6B64D90D /* LaunchScreen */,
			);
			path = Infraestructure;
			sourceTree = "<group>";
		};
		20CE116C1CB2084FD44C8547 /* Base */ = {
			isa = PBXGroup;
			children = (
				349C55E2A91DB04D7F587F08 /* AppDelegate.swift */,
				D747F8D745D4C19109B91823 /* SceneDelegate.swift */,
			);
			path = Base;
			sourceTree = "<group>";
		};
		23BC6DF10EA0838F25D3A11A /* GenericError */ = {
			isa = PBXGroup;
			children = (
				875A233D306347C3E3EB0E51 /* GenericErrorView.swift */,
			);
			path = GenericError;
			sourceTree = "<group>";
		};
		2F6B6A0CCF16082CF31B50CA /* Dynamic */ = {
			isa = PBXGroup;
			children = (
				098034F25D041F13E513B6A6 /* Dynamic.swift */,
			);
			path = Dynamic;
			sourceTree = "<group>";
		};
		38F309CD4E5B69A3E443713C /* Source */ = {
			isa = PBXGroup;
			children = (
				8984FC32C23A9289827EDDE3 /* Core */,
				FFDAF58ED5128F7C7D0FA45C /* Features */,
				115DADF113FDA1FAC0A2516E /* Infraestructure */,
			);
			path = Source;
			sourceTree = "<group>";
		};
		47461C8CDF436911C02045F2 /* ArchitectureSelector */ = {
			isa = PBXGroup;
			children = (
				A87C4FAB275319F44AD576F2 /* ArchitectureConfig.swift */,
			);
			path = ArchitectureSelector;
			sourceTree = "<group>";
		};
		492237B9853D149F0558813E /* MVVMC */ = {
			isa = PBXGroup;
			children = (
				9FC1EE3289461D551A80C93B /* Home */,
			);
			path = MVVMC;
			sourceTree = "<group>";
		};
		4E47D599E9A5F31E61B37B27 /* SupportingFiles */ = {
			isa = PBXGroup;
			children = (
				2B7E1B9383BCDCA55CB593E6 /* GoogleService-Info.plist */,
				BAFFAE3110A1EFEC4DA8CDC5 /* Info.plist */,
			);
			path = SupportingFiles;
			sourceTree = "<group>";
		};
		532557D304349EADC361B8E9 /* Localizable */ = {
			isa = PBXGroup;
			children = (
				692949FD115D148623145CEE /* Localizable.strings */,
				8DD08948E8975EB3F8216CB7 /* Localize */,
			);
			path = Localizable;
			sourceTree = "<group>";
		};
		627F9030BE2164C28025D53C /* TreinamentoBreweryBees */ = {
			isa = PBXGroup;
			children = (
				C707C1A3D1BA6E947A10431F /* Resources */,
				38F309CD4E5B69A3E443713C /* Source */,
			);
			path = TreinamentoBreweryBees;
			sourceTree = "<group>";
		};
		70E65610ADB32C8087697EE6 /* Components */ = {
			isa = PBXGroup;
			children = (
				23BC6DF10EA0838F25D3A11A /* GenericError */,
			);
			path = Components;
			sourceTree = "<group>";
		};
		78C09C02EFD079D2D39F72F0 /* Typealias */ = {
			isa = PBXGroup;
			children = (
				6394ADAECAE60C79CC6F8CDB /* Typealias.swift */,
			);
			path = Typealias;
			sourceTree = "<group>";
		};
		82D10984B8B034CA6B64D90D /* LaunchScreen */ = {
			isa = PBXGroup;
			children = (
				C332279D21A0045CF1E5E18A /* LaunchScreen.storyboard */,
			);
			path = LaunchScreen;
			sourceTree = "<group>";
		};
		8984FC32C23A9289827EDDE3 /* Core */ = {
			isa = PBXGroup;
			children = (
				70E65610ADB32C8087697EE6 /* Components */,
				DCF964C88000A3F7B9BF1B5A /* CoordinatorDelegate */,
				2F6B6A0CCF16082CF31B50CA /* Dynamic */,
				D20799F90B63837D2CEA747E /* Extension */,
				78C09C02EFD079D2D39F72F0 /* Typealias */,
			);
			path = Core;
			sourceTree = "<group>";
		};
		8DD08948E8975EB3F8216CB7 /* Localize */ = {
			isa = PBXGroup;
			children = (
				582DADEDDA2102DC7F49E1D8 /* TreinamentoBreweryBeesLocalizable.swift */,
			);
			path = Localize;
			sourceTree = "<group>";
		};
		952F4EF60756E90078461253 /* Pods */ = {
			isa = PBXGroup;
			children = (
				B752505D10E4157066D30E8C /* Pods-TreinamentoBreweryBees.debug.xcconfig */,
				3751C92515883B3F2831183B /* Pods-TreinamentoBreweryBees.release.xcconfig */,
				D1607D270A25423CFFB1D66B /* Pods-TreinamentoBreweryBeesTests.debug.xcconfig */,
				069AEE3811A2852048D9ED8B /* Pods-TreinamentoBreweryBeesTests.release.xcconfig */,
			);
			name = Pods;
			path = Pods;
			sourceTree = "<group>";
		};
		99A478E5C5C1373AEC1D785C /* Frameworks */ = {
			isa = PBXGroup;
			children = (
				6F299F198683850284AAD63D /* Pods_TreinamentoBreweryBees.framework */,
				17B1794E5A02A4709ADF9846 /* Pods_TreinamentoBreweryBeesTests.framework */,
			);
			name = Frameworks;
			sourceTree = "<group>";
		};
		9FC1EE3289461D551A80C93B /* Home */ = {
			isa = PBXGroup;
			children = (
				A9B794441C29967F5D8389F1 /* Controller */,
				BDD69416CB76E07B748BA92F /* Coordinator */,
				9FD27FFACCCC291F3B4C5F4C /* Model */,
				F5BDC7A563B8E9ACE3F9BA8F /* View */,
				F336DF7104CCA86417679C10 /* ViewModel */,
			);
			path = Home;
			sourceTree = "<group>";
		};
		9FD27FFACCCC291F3B4C5F4C /* Model */ = {
			isa = PBXGroup;
			children = (
				85285367BB9F223AC6053745 /* HomeDataPath.swift */,
				5983946D8EE2CA28EAFD1753 /* HomeError.swift */,
				773C269137E8578D87D2C742 /* HomeModel.swift */,
			);
			path = Model;
			sourceTree = "<group>";
		};
		A9B794441C29967F5D8389F1 /* Controller */ = {
			isa = PBXGroup;
			children = (
				D8465150354CE1D50B2A3B06 /* HomeViewController.swift */,
			);
			path = Controller;
			sourceTree = "<group>";
		};
		AE09D0A2373D364B6048DCA9 /* Coordinator */ = {
			isa = PBXGroup;
			children = (
				F17469B92C179938A379D355 /* AppCoordinator.swift */,
				47461C8CDF436911C02045F2 /* ArchitectureSelector */,
			);
			path = Coordinator;
			sourceTree = "<group>";
		};
		B6B8290E9BA03D94394FCD98 /* Assets */ = {
			isa = PBXGroup;
			children = (
				ED35BEB66C662252EA239DD6 /* Assets.xcassets */,
			);
			path = Assets;
			sourceTree = "<group>";
		};
		BDD69416CB76E07B748BA92F /* Coordinator */ = {
			isa = PBXGroup;
			children = (
				1DC0B81E42C8713E3ADBEF13 /* HomeCoordinator.swift */,
				49CF2A7D594B907C423962B1 /* HomeCoordinatorDelegate.swift */,
			);
			path = Coordinator;
			sourceTree = "<group>";
		};
		C5E0FF868462DF7EEF974EF0 /* Popup */ = {
			isa = PBXGroup;
			children = (
				35D752A6161C40F1CCC03643 /* HomePopupDetailsView.swift */,
				19E792FA0D45BB23E4183E05 /* HomePopupRatingView.swift */,
			);
			path = Popup;
			sourceTree = "<group>";
		};
		C707C1A3D1BA6E947A10431F /* Resources */ = {
			isa = PBXGroup;
			children = (
				B6B8290E9BA03D94394FCD98 /* Assets */,
				532557D304349EADC361B8E9 /* Localizable */,
				4E47D599E9A5F31E61B37B27 /* SupportingFiles */,
			);
			path = Resources;
			sourceTree = "<group>";
		};
		D20799F90B63837D2CEA747E /* Extension */ = {
			isa = PBXGroup;
			children = (
				D7D6836B5D14944679C9037A /* CGFloat.swift */,
				D41FBB27A64869F51F92B381 /* String.swift */,
				CF8710022B0D90663E6EB27C /* UIColor.swift */,
				DC47B1CB80A0F6EE013A9777 /* UIImage.swift */,
			);
			path = Extension;
			sourceTree = "<group>";
		};
		DCF964C88000A3F7B9BF1B5A /* CoordinatorDelegate */ = {
			isa = PBXGroup;
			children = (
				9693F67D966DC881D70CD047 /* BaseCoordinatorDelegate.swift */,
			);
			path = CoordinatorDelegate;
			sourceTree = "<group>";
		};
		E7E7B00E22A97A05B4B7551A /* Products */ = {
			isa = PBXGroup;
			children = (
				5728A49BDE93DA87940ADEE4 /* TreinamentoBreweryBees.app */,
				F738D0729FE0462F31447EE9 /* TreinamentoBreweryBeesTests.xctest */,
			);
			name = Products;
			sourceTree = "<group>";
		};
		F336DF7104CCA86417679C10 /* ViewModel */ = {
			isa = PBXGroup;
			children = (
				118985213C545ADC14CEA55D /* HomeViewModel.swift */,
			);
			path = ViewModel;
			sourceTree = "<group>";
		};
		F5BDC7A563B8E9ACE3F9BA8F /* View */ = {
			isa = PBXGroup;
			children = (
				E8AC5A96D387879438202424 /* HomeResultView.swift */,
				FAF5951BF5D364EC0E444FF3 /* HomeSearchView.swift */,
				C5E0FF868462DF7EEF974EF0 /* Popup */,
			);
			path = View;
			sourceTree = "<group>";
		};
		F5CF615BA01A6907B274C003 /* TreinamentoBreweryBeesTests */ = {
			isa = PBXGroup;
			children = (
				BF7A639F12B0719B9FA25E37 /* Info.plist */,
				276356D7D540803A9E417BD8 /* TreinamentoBreweryBeesTests.swift */,
			);
			path = TreinamentoBreweryBeesTests;
			sourceTree = "<group>";
		};
		FFDAF58ED5128F7C7D0FA45C /* Features */ = {
			isa = PBXGroup;
			children = (
				492237B9853D149F0558813E /* MVVMC */,
			);
			path = Features;
			sourceTree = "<group>";
		};
/* End PBXGroup section */

/* Begin PBXNativeTarget section */
		CD9340CAADD230E58E7A7C22 /* TreinamentoBreweryBees */ = {
			isa = PBXNativeTarget;
			buildConfigurationList = 840A4DDFEDDC8F1ED18D0F7C /* Build configuration list for PBXNativeTarget "TreinamentoBreweryBees" */;
			buildPhases = (
				1927DB5C70B686F70E39A9B4 /* [CP] Check Pods Manifest.lock */,
				A1ABF71B59797E586C0FAE61 /* SwiftGen */,
				86850BD8AAC2B550E3910B6B /* Sources */,
				B142E7830361E9F84AB7F93E /* Resources */,
				E9C607218B1C294149CD4DE0 /* Frameworks */,
				A3EE949CD033E098120D4AF1 /* [CP] Embed Pods Frameworks */,
			);
			buildRules = (
			);
			dependencies = (
			);
			name = TreinamentoBreweryBees;
			productName = TreinamentoBreweryBees;
			productReference = 5728A49BDE93DA87940ADEE4 /* TreinamentoBreweryBees.app */;
			productType = "com.apple.product-type.application";
		};
		CF683FE45FBBAA6EF52F5007 /* TreinamentoBreweryBeesTests */ = {
			isa = PBXNativeTarget;
			buildConfigurationList = 783D8FDA0CE632036244C1D1 /* Build configuration list for PBXNativeTarget "TreinamentoBreweryBeesTests" */;
			buildPhases = (
				EED3A8E91FFBFBF0BCCF73BE /* [CP] Check Pods Manifest.lock */,
				27FB7E9A5E02F0345738CF8B /* Sources */,
				411E468C4F57DA181CB9ABFA /* Frameworks */,
			);
			buildRules = (
			);
			dependencies = (
				68381162B2C1FBB44CFBFB49 /* PBXTargetDependency */,
			);
			name = TreinamentoBreweryBeesTests;
			packageProductDependencies = (
				5EE2D33FA46A808B35D049B0 /* SnapshotTesting */,
			);
			productName = TreinamentoBreweryBeesTests;
			productReference = F738D0729FE0462F31447EE9 /* TreinamentoBreweryBeesTests.xctest */;
			productType = "com.apple.product-type.bundle.unit-test";
		};
/* End PBXNativeTarget section */

/* Begin PBXProject section */
		0DC1487776F2318AEE879F3B /* Project object */ = {
			isa = PBXProject;
			attributes = {
				LastUpgradeCheck = 1530;
				TargetAttributes = {
					CD9340CAADD230E58E7A7C22 = {
						ProvisioningStyle = Automatic;
					};
				};
			};
			buildConfigurationList = D3A79EEC775C309407354E99 /* Build configuration list for PBXProject "TreinamentoBreweryBees" */;
			compatibilityVersion = "Xcode 10.0";
			developmentRegion = en;
			hasScannedForEncodings = 0;
			knownRegions = (
				Base,
				en,
				"fr-CA",
				"pt-BR",
			);
			mainGroup = 026D83F482C0F085890BB2B4;
			packageReferences = (
				E6CD27BA40E6158B29B55605 /* XCRemoteSwiftPackageReference "swift-snapshot-testing" */,
			);
			productRefGroup = E7E7B00E22A97A05B4B7551A /* Products */;
			projectDirPath = "";
			projectRoot = "";
			targets = (
				CD9340CAADD230E58E7A7C22 /* TreinamentoBreweryBees */,
				CF683FE45FBBAA6EF52F5007 /* TreinamentoBreweryBeesTests */,
			);
		};
/* End PBXProject section */

/* Begin PBXResourcesBuildPhase section */
		B142E7830361E9F84AB7F93E /* Resources */ = {
			isa = PBXResourcesBuildPhase;
			buildActionMask = 2147483647;
			files = (
				E3764C95EC02ACBED04D5A6D /* Assets.xcassets in Resources */,
				00D69EAD7A41D53DD0B4C030 /* GoogleService-Info.plist in Resources */,
				AB9DACFB95A9246602D25FAA /* LaunchScreen.storyboard in Resources */,
				58C16241A7C75E3CB424CD61 /* Localizable.strings in Resources */,
			);
			runOnlyForDeploymentPostprocessing = 0;
		};
/* End PBXResourcesBuildPhase section */

/* Begin PBXShellScriptBuildPhase section */
		1927DB5C70B686F70E39A9B4 /* [CP] Check Pods Manifest.lock */ = {
			isa = PBXShellScriptBuildPhase;
			buildActionMask = 2147483647;
			files = (
			);
			inputFileListPaths = (
			);
			inputPaths = (
				"${PODS_PODFILE_DIR_PATH}/Podfile.lock",
				"${PODS_ROOT}/Manifest.lock",
			);
			name = "[CP] Check Pods Manifest.lock";
			outputFileListPaths = (
			);
			outputPaths = (
				"$(DERIVED_FILE_DIR)/Pods-TreinamentoBreweryBees-checkManifestLockResult.txt",
			);
			runOnlyForDeploymentPostprocessing = 0;
			shellPath = /bin/sh;
			shellScript = "diff \"${PODS_PODFILE_DIR_PATH}/Podfile.lock\" \"${PODS_ROOT}/Manifest.lock\" > /dev/null\nif [ $? != 0 ] ; then\n    # print error to STDERR\n    echo \"error: The sandbox is not in sync with the Podfile.lock. Run 'pod install' or update your CocoaPods installation.\" >&2\n    exit 1\nfi\n# This output is used by Xcode 'outputs' to avoid re-running this script phase.\necho \"SUCCESS\" > \"${SCRIPT_OUTPUT_FILE_0}\"\n";
			showEnvVarsInLog = 0;
		};
		A1ABF71B59797E586C0FAE61 /* SwiftGen */ = {
			isa = PBXShellScriptBuildPhase;
			buildActionMask = 2147483647;
			files = (
			);
			inputFileListPaths = (
			);
			inputPaths = (
			);
			name = SwiftGen;
			outputFileListPaths = (
			);
			outputPaths = (
			);
			runOnlyForDeploymentPostprocessing = 0;
			shellPath = /bin/sh;
			shellScript = "${PODS_ROOT}/SwiftGen/bin/swiftgen";
		};
		A3EE949CD033E098120D4AF1 /* [CP] Embed Pods Frameworks */ = {
			isa = PBXShellScriptBuildPhase;
			buildActionMask = 2147483647;
			files = (
			);
			inputFileListPaths = (
				"${PODS_ROOT}/Target Support Files/Pods-TreinamentoBreweryBees/Pods-TreinamentoBreweryBees-frameworks-${CONFIGURATION}-input-files.xcfilelist",
			);
			name = "[CP] Embed Pods Frameworks";
			outputFileListPaths = (
				"${PODS_ROOT}/Target Support Files/Pods-TreinamentoBreweryBees/Pods-TreinamentoBreweryBees-frameworks-${CONFIGURATION}-output-files.xcfilelist",
			);
			runOnlyForDeploymentPostprocessing = 0;
			shellPath = /bin/sh;
			shellScript = "\"${PODS_ROOT}/Target Support Files/Pods-TreinamentoBreweryBees/Pods-TreinamentoBreweryBees-frameworks.sh\"\n";
			showEnvVarsInLog = 0;
		};
		EED3A8E91FFBFBF0BCCF73BE /* [CP] Check Pods Manifest.lock */ = {
			isa = PBXShellScriptBuildPhase;
			buildActionMask = 2147483647;
			files = (
			);
			inputFileListPaths = (
			);
			inputPaths = (
				"${PODS_PODFILE_DIR_PATH}/Podfile.lock",
				"${PODS_ROOT}/Manifest.lock",
			);
			name = "[CP] Check Pods Manifest.lock";
			outputFileListPaths = (
			);
			outputPaths = (
				"$(DERIVED_FILE_DIR)/Pods-TreinamentoBreweryBeesTests-checkManifestLockResult.txt",
			);
			runOnlyForDeploymentPostprocessing = 0;
			shellPath = /bin/sh;
			shellScript = "diff \"${PODS_PODFILE_DIR_PATH}/Podfile.lock\" \"${PODS_ROOT}/Manifest.lock\" > /dev/null\nif [ $? != 0 ] ; then\n    # print error to STDERR\n    echo \"error: The sandbox is not in sync with the Podfile.lock. Run 'pod install' or update your CocoaPods installation.\" >&2\n    exit 1\nfi\n# This output is used by Xcode 'outputs' to avoid re-running this script phase.\necho \"SUCCESS\" > \"${SCRIPT_OUTPUT_FILE_0}\"\n";
			showEnvVarsInLog = 0;
		};
/* End PBXShellScriptBuildPhase section */

/* Begin PBXSourcesBuildPhase section */
		27FB7E9A5E02F0345738CF8B /* Sources */ = {
			isa = PBXSourcesBuildPhase;
			buildActionMask = 2147483647;
			files = (
				DA5FA8AD3D613EDF6A78C54B /* TreinamentoBreweryBeesTests.swift in Sources */,
			);
			runOnlyForDeploymentPostprocessing = 0;
		};
		86850BD8AAC2B550E3910B6B /* Sources */ = {
			isa = PBXSourcesBuildPhase;
			buildActionMask = 2147483647;
			files = (
				0CCDBA6F658EE3D8B75E7EE3 /* AppCoordinator.swift in Sources */,
				324505E2AEF7EABB497921AE /* AppDelegate.swift in Sources */,
				E83B7A5E308FC3A9E870140E /* ArchitectureConfig.swift in Sources */,
				F763FF0709C6F4EC96A6C424 /* BaseCoordinatorDelegate.swift in Sources */,
				EE61B6E8978C539E832C4372 /* CGFloat.swift in Sources */,
				864023E2650B29D9E30B9564 /* Dynamic.swift in Sources */,
				CF55003CC67DDF125A0E376D /* GenericErrorView.swift in Sources */,
				D14BD79D4EFEBB4D799206B0 /* HomeCoordinator.swift in Sources */,
				9607DEA6A0200484D6A02C3B /* HomeCoordinatorDelegate.swift in Sources */,
				DB1CCD04E16623E7DC1FC7EF /* HomeDataPath.swift in Sources */,
				48192FDC590BD8D0E496A0A8 /* HomeError.swift in Sources */,
				F16CC9476E22C00D4AF749F4 /* HomeModel.swift in Sources */,
				C519698E63B522AF71294CDA /* HomePopupDetailsView.swift in Sources */,
				D084C9053853EEBCB1536ACC /* HomePopupRatingView.swift in Sources */,
				76CAA0CAAD7A50E3EE172313 /* HomeResultView.swift in Sources */,
				8DC32CAFE73404C86BE1BD04 /* HomeSearchView.swift in Sources */,
				87723A37F0F4D5ACDB873A45 /* HomeViewController.swift in Sources */,
				C9197D261FF6D8CC53EB7E42 /* HomeViewModel.swift in Sources */,
				5795B8486C092D8D843B01E7 /* SceneDelegate.swift in Sources */,
				D07805A8A504AB118D52E646 /* String.swift in Sources */,
				13D2FB4AA4B9707F545A82AB /* TreinamentoBreweryBeesLocalizable.swift in Sources */,
				3EB47116B7C2800863B8C517 /* Typealias.swift in Sources */,
				2987D202834B33E1687E77AC /* UIColor.swift in Sources */,
				0632B2AADE051C11DF7D01DF /* UIImage.swift in Sources */,
			);
			runOnlyForDeploymentPostprocessing = 0;
		};
/* End PBXSourcesBuildPhase section */

/* Begin PBXTargetDependency section */
		68381162B2C1FBB44CFBFB49 /* PBXTargetDependency */ = {
			isa = PBXTargetDependency;
			target = CD9340CAADD230E58E7A7C22 /* TreinamentoBreweryBees */;
			targetProxy = DE9DCD39D585EEBF6FF54A40 /* PBXContainerItemProxy */;
		};
/* End PBXTargetDependency section */

/* Begin PBXVariantGroup section */
		692949FD115D148623145CEE /* Localizable.strings */ = {
			isa = PBXVariantGroup;
			children = (
				083FBE5A38BE0AFE622A196D /* en */,
				9817EA39A7D83AC2E1E26085 /* fr-CA */,
				BFA236A686FA82A07374AFD9 /* pt-BR */,
			);
			name = Localizable.strings;
			sourceTree = "<group>";
		};
		C332279D21A0045CF1E5E18A /* LaunchScreen.storyboard */ = {
			isa = PBXVariantGroup;
			children = (
				111E7A4935DD85A2416E1900 /* Base */,
				325B44C4B6893147B13BE4F7 /* en */,
				F8B73AECDF45368BDB50C8AC /* fr-CA */,
				9C4FE9D877D2237C7EFC7CB6 /* pt-BR */,
			);
			name = LaunchScreen.storyboard;
			sourceTree = "<group>";
		};
/* End PBXVariantGroup section */

/* Begin XCBuildConfiguration section */
		27D652AE0B0F8DDD72BCA5AB /* Release */ = {
			isa = XCBuildConfiguration;
			baseConfigurationReference = 069AEE3811A2852048D9ED8B /* Pods-TreinamentoBreweryBeesTests.release.xcconfig */;
			buildSettings = {
				BUNDLE_LOADER = "$(TEST_HOST)";
				INFOPLIST_FILE = TreinamentoBreweryBeesTests/Info.plist;
				LD_RUNPATH_SEARCH_PATHS = (
					"$(inherited)",
					"@executable_path/Frameworks",
					"@loader_path/Frameworks",
				);
				PRODUCT_BUNDLE_IDENTIFIER = br.com.TreinamentoBreweryBees.TreinamentoBreweryBeesTests;
				SDKROOT = iphoneos;
				TARGETED_DEVICE_FAMILY = "1,2";
				TEST_HOST = "$(BUILT_PRODUCTS_DIR)/TreinamentoBreweryBees.app/TreinamentoBreweryBees";
			};
			name = Release;
		};
		2E2664693B82729B51027D0C /* Debug */ = {
			isa = XCBuildConfiguration;
			buildSettings = {
				ALWAYS_EMBED_SWIFT_STANDARD_LIBRARIES = YES;
				ALWAYS_SEARCH_USER_PATHS = NO;
				ARCHS = "$(ARCHS_STANDARD)";
				CLANG_ANALYZER_NONNULL = YES;
				CLANG_ANALYZER_NUMBER_OBJECT_CONVERSION = YES_AGGRESSIVE;
				CLANG_CXX_LANGUAGE_STANDARD = "gnu++14";
				CLANG_CXX_LIBRARY = "libc++";
				CLANG_ENABLE_MODULES = YES;
				CLANG_ENABLE_OBJC_ARC = YES;
				CLANG_ENABLE_OBJC_WEAK = YES;
				CLANG_WARN_BLOCK_CAPTURE_AUTORELEASING = YES;
				CLANG_WARN_BOOL_CONVERSION = YES;
				CLANG_WARN_COMMA = YES;
				CLANG_WARN_CONSTANT_CONVERSION = YES;
				CLANG_WARN_DEPRECATED_OBJC_IMPLEMENTATIONS = YES;
				CLANG_WARN_DIRECT_OBJC_ISA_USAGE = YES_ERROR;
				CLANG_WARN_DOCUMENTATION_COMMENTS = YES;
				CLANG_WARN_EMPTY_BODY = YES;
				CLANG_WARN_ENUM_CONVERSION = YES;
				CLANG_WARN_INFINITE_RECURSION = YES;
				CLANG_WARN_INT_CONVERSION = YES;
				CLANG_WARN_NON_LITERAL_NULL_CONVERSION = YES;
				CLANG_WARN_OBJC_IMPLICIT_RETAIN_SELF = YES;
				CLANG_WARN_OBJC_LITERAL_CONVERSION = YES;
				CLANG_WARN_OBJC_ROOT_CLASS = YES_ERROR;
				CLANG_WARN_QUOTED_INCLUDE_IN_FRAMEWORK_HEADER = YES;
				CLANG_WARN_RANGE_LOOP_ANALYSIS = YES;
				CLANG_WARN_STRICT_PROTOTYPES = YES;
				CLANG_WARN_SUSPICIOUS_MOVE = YES;
				CLANG_WARN_UNGUARDED_AVAILABILITY = YES_AGGRESSIVE;
				CLANG_WARN_UNREACHABLE_CODE = YES;
				CLANG_WARN__DUPLICATE_METHOD_MATCH = YES;
				CODE_SIGN_IDENTITY = "iPhone Developer";
				COPY_PHASE_STRIP = NO;
				CURRENT_PROJECT_VERSION = 1.0.0;
				DEBUG_INFORMATION_FORMAT = dwarf;
				ENABLE_STRICT_OBJC_MSGSEND = YES;
				ENABLE_TESTABILITY = YES;
				GCC_C_LANGUAGE_STANDARD = gnu11;
				GCC_DYNAMIC_NO_PIC = NO;
				GCC_NO_COMMON_BLOCKS = YES;
				GCC_OPTIMIZATION_LEVEL = 0;
				GCC_PREPROCESSOR_DEFINITIONS = (
					"$(inherited)",
					"DEBUG=1",
				);
				GCC_WARN_64_TO_32_BIT_CONVERSION = YES;
				GCC_WARN_ABOUT_RETURN_TYPE = YES_ERROR;
				GCC_WARN_UNDECLARED_SELECTOR = YES;
				GCC_WARN_UNINITIALIZED_AUTOS = YES_AGGRESSIVE;
				GCC_WARN_UNUSED_FUNCTION = YES;
				GCC_WARN_UNUSED_VARIABLE = YES;
				IPHONEOS_DEPLOYMENT_TARGET = 17.4;
				MARKETING_VERSION = 1.0.0;
				MTL_ENABLE_DEBUG_INFO = INCLUDE_SOURCE;
				MTL_FAST_MATH = YES;
				ONLY_ACTIVE_ARCH = YES;
				PRODUCT_NAME = "$(TARGET_NAME)";
				SDKROOT = iphoneos;
				SWIFT_ACTIVE_COMPILATION_CONDITIONS = DEBUG;
				SWIFT_OPTIMIZATION_LEVEL = "-Onone";
				SWIFT_VERSION = 5.1;
			};
			name = Debug;
		};
		5DA2A01935FD60227AC7A622 /* Release */ = {
			isa = XCBuildConfiguration;
			buildSettings = {
				ALWAYS_EMBED_SWIFT_STANDARD_LIBRARIES = YES;
				ALWAYS_SEARCH_USER_PATHS = NO;
				ARCHS = "$(ARCHS_STANDARD)";
				CLANG_ANALYZER_NONNULL = YES;
				CLANG_ANALYZER_NUMBER_OBJECT_CONVERSION = YES_AGGRESSIVE;
				CLANG_CXX_LANGUAGE_STANDARD = "gnu++14";
				CLANG_CXX_LIBRARY = "libc++";
				CLANG_ENABLE_MODULES = YES;
				CLANG_ENABLE_OBJC_ARC = YES;
				CLANG_ENABLE_OBJC_WEAK = YES;
				CLANG_WARN_BLOCK_CAPTURE_AUTORELEASING = YES;
				CLANG_WARN_BOOL_CONVERSION = YES;
				CLANG_WARN_COMMA = YES;
				CLANG_WARN_CONSTANT_CONVERSION = YES;
				CLANG_WARN_DEPRECATED_OBJC_IMPLEMENTATIONS = YES;
				CLANG_WARN_DIRECT_OBJC_ISA_USAGE = YES_ERROR;
				CLANG_WARN_DOCUMENTATION_COMMENTS = YES;
				CLANG_WARN_EMPTY_BODY = YES;
				CLANG_WARN_ENUM_CONVERSION = YES;
				CLANG_WARN_INFINITE_RECURSION = YES;
				CLANG_WARN_INT_CONVERSION = YES;
				CLANG_WARN_NON_LITERAL_NULL_CONVERSION = YES;
				CLANG_WARN_OBJC_IMPLICIT_RETAIN_SELF = YES;
				CLANG_WARN_OBJC_LITERAL_CONVERSION = YES;
				CLANG_WARN_OBJC_ROOT_CLASS = YES_ERROR;
				CLANG_WARN_QUOTED_INCLUDE_IN_FRAMEWORK_HEADER = YES;
				CLANG_WARN_RANGE_LOOP_ANALYSIS = YES;
				CLANG_WARN_STRICT_PROTOTYPES = YES;
				CLANG_WARN_SUSPICIOUS_MOVE = YES;
				CLANG_WARN_UNGUARDED_AVAILABILITY = YES_AGGRESSIVE;
				CLANG_WARN_UNREACHABLE_CODE = YES;
				CLANG_WARN__DUPLICATE_METHOD_MATCH = YES;
				CODE_SIGN_IDENTITY = "iPhone Developer";
				COPY_PHASE_STRIP = NO;
				CURRENT_PROJECT_VERSION = 1.0.0;
				DEBUG_INFORMATION_FORMAT = "dwarf-with-dsym";
				ENABLE_NS_ASSERTIONS = NO;
				ENABLE_STRICT_OBJC_MSGSEND = YES;
				GCC_C_LANGUAGE_STANDARD = gnu11;
				GCC_NO_COMMON_BLOCKS = YES;
				GCC_WARN_64_TO_32_BIT_CONVERSION = YES;
				GCC_WARN_ABOUT_RETURN_TYPE = YES_ERROR;
				GCC_WARN_UNDECLARED_SELECTOR = YES;
				GCC_WARN_UNINITIALIZED_AUTOS = YES_AGGRESSIVE;
				GCC_WARN_UNUSED_FUNCTION = YES;
				GCC_WARN_UNUSED_VARIABLE = YES;
				IPHONEOS_DEPLOYMENT_TARGET = 17.4;
				MARKETING_VERSION = 1.0.0;
				MTL_ENABLE_DEBUG_INFO = NO;
				MTL_FAST_MATH = YES;
				PRODUCT_NAME = "$(TARGET_NAME)";
				SDKROOT = iphoneos;
				SWIFT_COMPILATION_MODE = wholemodule;
				SWIFT_OPTIMIZATION_LEVEL = "-O";
				SWIFT_VERSION = 5.1;
			};
			name = Release;
		};
		6179D159DB65C20F0BBB5216 /* Debug */ = {
			isa = XCBuildConfiguration;
			baseConfigurationReference = D1607D270A25423CFFB1D66B /* Pods-TreinamentoBreweryBeesTests.debug.xcconfig */;
			buildSettings = {
				BUNDLE_LOADER = "$(TEST_HOST)";
				INFOPLIST_FILE = TreinamentoBreweryBeesTests/Info.plist;
				LD_RUNPATH_SEARCH_PATHS = (
					"$(inherited)",
					"@executable_path/Frameworks",
					"@loader_path/Frameworks",
				);
				PRODUCT_BUNDLE_IDENTIFIER = br.com.TreinamentoBreweryBees.TreinamentoBreweryBeesTests;
				SDKROOT = iphoneos;
				TARGETED_DEVICE_FAMILY = "1,2";
				TEST_HOST = "$(BUILT_PRODUCTS_DIR)/TreinamentoBreweryBees.app/TreinamentoBreweryBees";
			};
			name = Debug;
		};
		6F5DDA9B6B95D4DFE3078801 /* Debug */ = {
			isa = XCBuildConfiguration;
			baseConfigurationReference = B752505D10E4157066D30E8C /* Pods-TreinamentoBreweryBees.debug.xcconfig */;
			buildSettings = {
				ASSETCATALOG_COMPILER_APPICON_NAME = AppIcon;
				CODE_SIGN_IDENTITY = "iPhone Developer";
				CODE_SIGN_STYLE = Automatic;
				INFOPLIST_FILE = TreinamentoBreweryBees/Resources/SupportingFiles/Info.plist;
				LD_RUNPATH_SEARCH_PATHS = (
					"$(inherited)",
					"@executable_path/Frameworks",
				);
				PRODUCT_BUNDLE_IDENTIFIER = br.com.TreinamentoBreweryBees.TreinamentoBreweryBees;
				PROVISIONING_PROFILE = "Dennis Torres";
				SDKROOT = iphoneos;
				TARGETED_DEVICE_FAMILY = "1,2";
			};
			name = Debug;
		};
		FC4D1CC08A8F39C73D5EBCBC /* Release */ = {
			isa = XCBuildConfiguration;
			baseConfigurationReference = 3751C92515883B3F2831183B /* Pods-TreinamentoBreweryBees.release.xcconfig */;
			buildSettings = {
				ASSETCATALOG_COMPILER_APPICON_NAME = AppIcon;
				CODE_SIGN_IDENTITY = "iPhone Developer";
				CODE_SIGN_STYLE = Automatic;
				INFOPLIST_FILE = TreinamentoBreweryBees/Resources/SupportingFiles/Info.plist;
				LD_RUNPATH_SEARCH_PATHS = (
					"$(inherited)",
					"@executable_path/Frameworks",
				);
				PRODUCT_BUNDLE_IDENTIFIER = br.com.TreinamentoBreweryBees.TreinamentoBreweryBees;
				PROVISIONING_PROFILE = "Dennis Torres";
				SDKROOT = iphoneos;
				TARGETED_DEVICE_FAMILY = "1,2";
			};
			name = Release;
		};
/* End XCBuildConfiguration section */

/* Begin XCConfigurationList section */
		783D8FDA0CE632036244C1D1 /* Build configuration list for PBXNativeTarget "TreinamentoBreweryBeesTests" */ = {
			isa = XCConfigurationList;
			buildConfigurations = (
				6179D159DB65C20F0BBB5216 /* Debug */,
				27D652AE0B0F8DDD72BCA5AB /* Release */,
			);
			defaultConfigurationIsVisible = 0;
			defaultConfigurationName = Debug;
		};
		840A4DDFEDDC8F1ED18D0F7C /* Build configuration list for PBXNativeTarget "TreinamentoBreweryBees" */ = {
			isa = XCConfigurationList;
			buildConfigurations = (
				6F5DDA9B6B95D4DFE3078801 /* Debug */,
				FC4D1CC08A8F39C73D5EBCBC /* Release */,
			);
			defaultConfigurationIsVisible = 0;
			defaultConfigurationName = Debug;
		};
		D3A79EEC775C309407354E99 /* Build configuration list for PBXProject "TreinamentoBreweryBees" */ = {
			isa = XCConfigurationList;
			buildConfigurations = (
				2E2664693B82729B51027D0C /* Debug */,
				5DA2A01935FD60227AC7A622 /* Release */,
			);
			defaultConfigurationIsVisible = 0;
			defaultConfigurationName = Debug;
		};
/* End XCConfigurationList section */

/* Begin XCRemoteSwiftPackageReference section */
		E6CD27BA40E6158B29B55605 /* XCRemoteSwiftPackageReference "swift-snapshot-testing" */ = {
			isa = XCRemoteSwiftPackageReference;
			repositoryURL = "https://github.com/pointfreeco/swift-snapshot-testing";
			requirement = {
				kind = upToNextMajorVersion;
				minimumVersion = 1.12.0;
			};
		};
/* End XCRemoteSwiftPackageReference section */

/* Begin XCSwiftPackageProductDependency section */
		5EE2D33FA46A808B35D049B0 /* SnapshotTesting */ = {
			isa = XCSwiftPackageProductDependency;
			package = E6CD27BA40E6158B29B55605 /* XCRemoteSwiftPackageReference "swift-snapshot-testing" */;
			productName = SnapshotTesting;
		};
/* End XCSwiftPackageProductDependency section */
	};
	rootObject = 0DC1487776F2318AEE879F3B /* Project object */;
}
